// !$*UTF8*$!
{
	archiveVersion = 1;
	classes = {
	};
	objectVersion = 50;
	objects = {

/* Begin PBXBuildFile section */
		E89218E922D3153700F71015 /* AppDelegate.swift in Sources */ = {isa = PBXBuildFile; fileRef = E89218E822D3153700F71015 /* AppDelegate.swift */; };
		E89218EB22D3153700F71015 /* ViewController.swift in Sources */ = {isa = PBXBuildFile; fileRef = E89218EA22D3153700F71015 /* ViewController.swift */; };
		E89218EE22D3153700F71015 /* Main.storyboard in Resources */ = {isa = PBXBuildFile; fileRef = E89218EC22D3153700F71015 /* Main.storyboard */; };
		E89218F022D3153700F71015 /* Assets.xcassets in Resources */ = {isa = PBXBuildFile; fileRef = E89218EF22D3153700F71015 /* Assets.xcassets */; };
		E89218F322D3153700F71015 /* LaunchScreen.storyboard in Resources */ = {isa = PBXBuildFile; fileRef = E89218F122D3153700F71015 /* LaunchScreen.storyboard */; };
		E89218FB22D315A700F71015 /* fetchLocation.swift in Sources */ = {isa = PBXBuildFile; fileRef = E89218FA22D315A700F71015 /* fetchLocation.swift */; };
/* End PBXBuildFile section */

/* Begin PBXFileReference section */
		E89218E522D3153700F71015 /* JSON-stage1.app */ = {isa = PBXFileReference; explicitFileType = wrapper.application; includeInIndex = 0; path = "JSON-stage1.app"; sourceTree = BUILT_PRODUCTS_DIR; };
		E89218E822D3153700F71015 /* AppDelegate.swift */ = {isa = PBXFileReference; lastKnownFileType = sourcecode.swift; path = AppDelegate.swift; sourceTree = "<group>"; };
		E89218EA22D3153700F71015 /* ViewController.swift */ = {isa = PBXFileReference; lastKnownFileType = sourcecode.swift; path = ViewController.swift; sourceTree = "<group>"; };
		E89218ED22D3153700F71015 /* Base */ = {isa = PBXFileReference; lastKnownFileType = file.storyboard; name = Base; path = Base.lproj/Main.storyboard; sourceTree = "<group>"; };
		E89218EF22D3153700F71015 /* Assets.xcassets */ = {isa = PBXFileReference; lastKnownFileType = folder.assetcatalog; path = Assets.xcassets; sourceTree = "<group>"; };
		E89218F222D3153700F71015 /* Base */ = {isa = PBXFileReference; lastKnownFileType = file.storyboard; name = Base; path = Base.lproj/LaunchScreen.storyboard; sourceTree = "<group>"; };
		E89218F422D3153700F71015 /* Info.plist */ = {isa = PBXFileReference; lastKnownFileType = text.plist.xml; path = Info.plist; sourceTree = "<group>"; };
		E89218FA22D315A700F71015 /* fetchLocation.swift */ = {isa = PBXFileReference; lastKnownFileType = sourcecode.swift; path = fetchLocation.swift; sourceTree = "<group>"; };
/* End PBXFileReference section */

/* Begin PBXFrameworksBuildPhase section */
		E89218E222D3153700F71015 /* Frameworks */ = {
			isa = PBXFrameworksBuildPhase;
			buildActionMask = 2147483647;
			files = (
			);
			runOnlyForDeploymentPostprocessing = 0;
		};
/* End PBXFrameworksBuildPhase section */

/* Begin PBXGroup section */
		E89218DC22D3153700F71015 = {
			isa = PBXGroup;
			children = (
				E89218E722D3153700F71015 /* JSON-stage1 */,
				E89218E622D3153700F71015 /* Products */,
			);
			sourceTree = "<group>";
		};
		E89218E622D3153700F71015 /* Products */ = {
			isa = PBXGroup;
			children = (
				E89218E522D3153700F71015 /* JSON-stage1.app */,
			);
			name = Products;
			sourceTree = "<group>";
		};
		E89218E722D3153700F71015 /* JSON-stage1 */ = {
			isa = PBXGroup;
			children = (
				E89218E822D3153700F71015 /* AppDelegate.swift */,
				E89218EA22D3153700F71015 /* ViewController.swift */,
				E89218FA22D315A700F71015 /* fetchLocation.swift */,
				E89218EC22D3153700F71015 /* Main.storyboard */,
				E89218EF22D3153700F71015 /* Assets.xcassets */,
				E89218F122D3153700F71015 /* LaunchScreen.storyboard */,
				E89218F422D3153700F71015 /* Info.plist */,
			);
			path = "JSON-stage1";
			sourceTree = "<group>";
		};
/* End PBXGroup section */

/* Begin PBXNativeTarget section */
		E89218E422D3153700F71015 /* JSON-stage1 */ = {
			isa = PBXNativeTarget;
			buildConfigurationList = E89218F722D3153700F71015 /* Build configuration list for PBXNativeTarget "JSON-stage1" */;
			buildPhases = (
				E89218E122D3153700F71015 /* Sources */,
				E89218E222D3153700F71015 /* Frameworks */,
				E89218E322D3153700F71015 /* Resources */,
			);
			buildRules = (
			);
			dependencies = (
			);
			name = "JSON-stage1";
			productName = "JSON-stage1";
			productReference = E89218E522D3153700F71015 /* JSON-stage1.app */;
			productType = "com.apple.product-type.application";
		};
/* End PBXNativeTarget section */

/* Begin PBXProject section */
		E89218DD22D3153700F71015 /* Project object */ = {
			isa = PBXProject;
			attributes = {
				LastSwiftUpdateCheck = 1010;
				LastUpgradeCheck = 1010;
				ORGANIZATIONNAME = yunweichen;
				TargetAttributes = {
					E89218E422D3153700F71015 = {
						CreatedOnToolsVersion = 10.1;
					};
				};
			};
			buildConfigurationList = E89218E022D3153700F71015 /* Build configuration list for PBXProject "JSON-stage1" */;
			compatibilityVersion = "Xcode 9.3";
			developmentRegion = en;
			hasScannedForEncodings = 0;
			knownRegions = (
				en,
				Base,
			);
			mainGroup = E89218DC22D3153700F71015;
			productRefGroup = E89218E622D3153700F71015 /* Products */;
			projectDirPath = "";
			projectRoot = "";
			targets = (
				E89218E422D3153700F71015 /* JSON-stage1 */,
			);
		};
/* End PBXProject section */

/* Begin PBXResourcesBuildPhase section */
		E89218E322D3153700F71015 /* Resources */ = {
			isa = PBXResourcesBuildPhase;
			buildActionMask = 2147483647;
			files = (
				E89218F322D3153700F71015 /* LaunchScreen.storyboard in Resources */,
				E89218F022D3153700F71015 /* Assets.xcassets in Resources */,
				E89218EE22D3153700F71015 /* Main.storyboard in Resources */,
			);
			runOnlyForDeploymentPostprocessing = 0;
		};
/* End PBXResourcesBuildPhase section */

/* Begin PBXSourcesBuildPhase section */
		E89218E122D3153700F71015 /* Sources */ = {
			isa = PBXSourcesBuildPhase;
			buildActionMask = 2147483647;
			files = (
				E89218EB22D3153700F71015 /* ViewController.swift in Sources */,
				E89218E922D3153700F71015 /* AppDelegate.swift in Sources */,
				E89218FB22D315A700F71015 /* fetchLocation.swift in Sources */,
			);
			runOnlyForDeploymentPostprocessing = 0;
		};
/* End PBXSourcesBuildPhase section */

/* Begin PBXVariantGroup section */
		E89218EC22D3153700F71015 /* Main.storyboard */ = {
			isa = PBXVariantGroup;
			children = (
				E89218ED22D3153700F71015 /* Base */,
			);
			name = Main.storyboard;
			sourceTree = "<group>";
		};
		E89218F122D3153700F71015 /* LaunchScreen.storyboard */ = {
			isa = PBXVariantGroup;
			children = (
				E89218F222D3153700F71015 /* Base */,
			);
			name = LaunchScreen.storyboard;
			sourceTree = "<group>";
		};
/* End PBXVariantGroup section */

/* Begin XCBuildConfiguration section */
		E89218F522D3153700F71015 /* Debug */ = {
			isa = XCBuildConfiguration;
			buildSettings = {
				ALWAYS_SEARCH_USER_PATHS = NO;
				CLANG_ANALYZER_NONNULL = YES;
				CLANG_ANALYZER_NUMBER_OBJECT_CONVERSION = YES_AGGRESSIVE;
				CLANG_CXX_LANGUAGE_STANDARD = "gnu++14";
				CLANG_CXX_LIBRARY = "libc++";
				CLANG_ENABLE_MODULES = YES;
				CLANG_ENABLE_OBJC_ARC = YES;
				CLANG_ENABLE_OBJC_WEAK = YES;
				CLANG_WARN_BLOCK_CAPTURE_AUTORELEASING = YES;
				CLANG_WARN_BOOL_CONVERSION = YES;
				CLANG_WARN_COMMA = YES;
				CLANG_WARN_CONSTANT_CONVERSION = YES;
				CLANG_WARN_DEPRECATED_OBJC_IMPLEMENTATIONS = YES;
				CLANG_WARN_DIRECT_OBJC_ISA_USAGE = YES_ERROR;
				CLANG_WARN_DOCUMENTATION_COMMENTS = YES;
				CLANG_WARN_EMPTY_BODY = YES;
				CLANG_WARN_ENUM_CONVERSION = YES;
				CLANG_WARN_INFINITE_RECURSION = YES;
				CLANG_WARN_INT_CONVERSION = YES;
				CLANG_WARN_NON_LITERAL_NULL_CONVERSION = YES;
				CLANG_WARN_OBJC_IMPLICIT_RETAIN_SELF = YES;
				CLANG_WARN_OBJC_LITERAL_CONVERSION = YES;
				CLANG_WARN_OBJC_ROOT_CLASS = YES_ERROR;
				CLANG_WARN_RANGE_LOOP_ANALYSIS = YES;
				CLANG_WARN_STRICT_PROTOTYPES = YES;
				CLANG_WARN_SUSPICIOUS_MOVE = YES;
				CLANG_WARN_UNGUARDED_AVAILABILITY = YES_AGGRESSIVE;
				CLANG_WARN_UNREACHABLE_CODE = YES;
				CLANG_WARN__DUPLICATE_METHOD_MATCH = YES;
				CODE_SIGN_IDENTITY = "iPhone Developer";
				COPY_PHASE_STRIP = NO;
				DEBUG_INFORMATION_FORMAT = dwarf;
				ENABLE_STRICT_OBJC_MSGSEND = YES;
				ENABLE_TESTABILITY = YES;
				GCC_C_LANGUAGE_STANDARD = gnu11;
				GCC_DYNAMIC_NO_PIC = NO;
				GCC_NO_COMMON_BLOCKS = YES;
				GCC_OPTIMIZATION_LEVEL = 0;
				GCC_PREPROCESSOR_DEFINITIONS = (
					"DEBUG=1",
					"$(inherited)",
				);
				GCC_WARN_64_TO_32_BIT_CONVERSION = YES;
				GCC_WARN_ABOUT_RETURN_TYPE = YES_ERROR;
				GCC_WARN_UNDECLARED_SELECTOR = YES;
				GCC_WARN_UNINITIALIZED_AUTOS = YES_AGGRESSIVE;
				GCC_WARN_UNUSED_FUNCTION = YES;
				GCC_WARN_UNUSED_VARIABLE = YES;
				IPHONEOS_DEPLOYMENT_TARGET = 12.1;
				MTL_ENABLE_DEBUG_INFO = INCLUDE_SOURCE;
				MTL_FAST_MATH = YES;
				ONLY_ACTIVE_ARCH = YES;
				SDKROOT = iphoneos;
				SWIFT_ACTIVE_COMPILATION_CONDITIONS = DEBUG;
				SWIFT_OPTIMIZATION_LEVEL = "-Onone";
			};
			name = Debug;
		};
		E89218F622D3153700F71015 /* Release */ = {
			isa = XCBuildConfiguration;
			buildSettings = {
				ALWAYS_SEARCH_USER_PATHS = NO;
				CLANG_ANALYZER_NONNULL = YES;
				CLANG_ANALYZER_NUMBER_OBJECT_CONVERSION = YES_AGGRESSIVE;
				CLANG_CXX_LANGUAGE_STANDARD = "gnu++14";
				CLANG_CXX_LIBRARY = "libc++";
				CLANG_ENABLE_MODULES = YES;
				CLANG_ENABLE_OBJC_ARC = YES;
				CLANG_ENABLE_OBJC_WEAK = YES;
				CLANG_WARN_BLOCK_CAPTURE_AUTORELEASING = YES;
				CLANG_WARN_BOOL_CONVERSION = YES;
				CLANG_WARN_COMMA = YES;
				CLANG_WARN_CONSTANT_CONVERSION = YES;
				CLANG_WARN_DEPRECATED_OBJC_IMPLEMENTATIONS = YES;
				CLANG_WARN_DIRECT_OBJC_ISA_USAGE = YES_ERROR;
				CLANG_WARN_DOCUMENTATION_COMMENTS = YES;
				CLANG_WARN_EMPTY_BODY = YES;
				CLANG_WARN_ENUM_CONVERSION = YES;
				CLANG_WARN_INFINITE_RECURSION = YES;
				CLANG_WARN_INT_CONVERSION = YES;
				CLANG_WARN_NON_LITERAL_NULL_CONVERSION = YES;
				CLANG_WARN_OBJC_IMPLICIT_RETAIN_SELF = YES;
				CLANG_WARN_OBJC_LITERAL_CONVERSION = YES;
				CLANG_WARN_OBJC_ROOT_CLASS = YES_ERROR;
				CLANG_WARN_RANGE_LOOP_ANALYSIS = YES;
				CLANG_WARN_STRICT_PROTOTYPES = YES;
				CLANG_WARN_SUSPICIOUS_MOVE = YES;
				CLANG_WARN_UNGUARDED_AVAILABILITY = YES_AGGRESSIVE;
				CLANG_WARN_UNREACHABLE_CODE = YES;
				CLANG_WARN__DUPLICATE_METHOD_MATCH = YES;
				CODE_SIGN_IDENTITY = "iPhone Developer";
				COPY_PHASE_STRIP = NO;
				DEBUG_INFORMATION_FORMAT = "dwarf-with-dsym";
				ENABLE_NS_ASSERTIONS = NO;
				ENABLE_STRICT_OBJC_MSGSEND = YES;
				GCC_C_LANGUAGE_STANDARD = gnu11;
				GCC_NO_COMMON_BLOCKS = YES;
				GCC_WARN_64_TO_32_BIT_CONVERSION = YES;
				GCC_WARN_ABOUT_RETURN_TYPE = YES_ERROR;
				GCC_WARN_UNDECLARED_SELECTOR = YES;
				GCC_WARN_UNINITIALIZED_AUTOS = YES_AGGRESSIVE;
				GCC_WARN_UNUSED_FUNCTION = YES;
				GCC_WARN_UNUSED_VARIABLE = YES;
				IPHONEOS_DEPLOYMENT_TARGET = 12.1;
				MTL_ENABLE_DEBUG_INFO = NO;
				MTL_FAST_MATH = YES;
				SDKROOT = iphoneos;
				SWIFT_COMPILATION_MODE = wholemodule;
				SWIFT_OPTIMIZATION_LEVEL = "-O";
				VALIDATE_PRODUCT = YES;
			};
			name = Release;
		};
		E89218F822D3153700F71015 /* Debug */ = {
			isa = XCBuildConfiguration;
			buildSettings = {
				ASSETCATALOG_COMPILER_APPICON_NAME = AppIcon;
				CODE_SIGN_STYLE = Automatic;
				DEVELOPMENT_TEAM = W5Z54F6Z7D;
				INFOPLIST_FILE = "JSON-stage1/Info.plist";
				LD_RUNPATH_SEARCH_PATHS = (
					"$(inherited)",
					"@executable_path/Frameworks",
				);
				PRODUCT_BUNDLE_IDENTIFIER = "d.JSON-stage1";
				PRODUCT_NAME = "$(TARGET_NAME)";
				SWIFT_VERSION = 4.2;
				TARGETED_DEVICE_FAMILY = "1,2";
			};
			name = Debug;
		};
		E89218F922D3153700F71015 /* Release */ = {
			isa = XCBuildConfiguration;
			buildSettings = {
				ASSETCATALOG_COMPILER_APPICON_NAME = AppIcon;
				CODE_SIGN_STYLE = Automatic;
				DEVELOPMENT_TEAM = W5Z54F6Z7D;
				INFOPLIST_FILE = "JSON-stage1/Info.plist";
				LD_RUNPATH_SEARCH_PATHS = (
					"$(inherited)",
					"@executable_path/Frameworks",
				);
				PRODUCT_BUNDLE_IDENTIFIER = "d.JSON-stage1";
				PRODUCT_NAME = "$(TARGET_NAME)";
				SWIFT_VERSION = 4.2;
				TARGETED_DEVICE_FAMILY = "1,2";
			};
			name = Release;
		};
/* End XCBuildConfiguration section */

/* Begin XCConfigurationList section */
		E89218E022D3153700F71015 /* Build configuration list for PBXProject "JSON-stage1" */ = {
			isa = XCConfigurationList;
			buildConfigurations = (
				E89218F522D3153700F71015 /* Debug */,
				E89218F622D3153700F71015 /* Release */,
			);
			defaultConfigurationIsVisible = 0;
			defaultConfigurationName = Release;
		};
		E89218F722D3153700F71015 /* Build configuration list for PBXNativeTarget "JSON-stage1" */ = {
			isa = XCConfigurationList;
			buildConfigurations = (
				E89218F822D3153700F71015 /* Debug */,
				E89218F922D3153700F71015 /* Release */,
			);
			defaultConfigurationIsVisible = 0;
			defaultConfigurationName = Release;
		};
/* End XCConfigurationList section */
	};
	rootObject = E89218DD22D3153700F71015 /* Project object */;
}
